
Microsoft Visual Studio Solution File, Format Version 12.00
# Visual Studio Version 17
VisualStudioVersion = 17.8.34525.116
MinimumVisualStudioVersion = 10.0.40219.1
Project("{8BC9CEB8-8B4A-11D0-8D11-00A0C91BC942}") = "LB_7.2_rec", "LB_7.2_rec.vcxproj", "{8232E45B-3EE4-4B9E-9C34-9B853A6B89A9}"
EndProject
Project("{8BC9CEB8-8B4A-11D0-8D11-00A0C91BC942}") = "UnitTest1", "UnitTest1\UnitTest1.vcxproj", "{8181AD59-96BC-414F-A4B3-C7B5FB9D3E2D}"
EndProject
Global
	GlobalSection(SolutionConfigurationPlatforms) = preSolution
		Debug|x64 = Debug|x64
		Debug|x86 = Debug|x86
		Release|x64 = Release|x64
		Release|x86 = Release|x86
	EndGlobalSection
	GlobalSection(ProjectConfigurationPlatforms) = postSolution
		{8232E45B-3EE4-4B9E-9C34-9B853A6B89A9}.Debug|x64.ActiveCfg = Debug|x64
		{8232E45B-3EE4-4B9E-9C34-9B853A6B89A9}.Debug|x64.Build.0 = Debug|x64
		{8232E45B-3EE4-4B9E-9C34-9B853A6B89A9}.Debug|x86.ActiveCfg = Debug|Win32
		{8232E45B-3EE4-4B9E-9C34-9B853A6B89A9}.Debug|x86.Build.0 = Debug|Win32
		{8232E45B-3EE4-4B9E-9C34-9B853A6B89A9}.Release|x64.ActiveCfg = Release|x64
		{8232E45B-3EE4-4B9E-9C34-9B853A6B89A9}.Release|x64.Build.0 = Release|x64
		{8232E45B-3EE4-4B9E-9C34-9B853A6B89A9}.Release|x86.ActiveCfg = Release|Win32
		{8232E45B-3EE4-4B9E-9C34-9B853A6B89A9}.Release|x86.Build.0 = Release|Win32
		{8181AD59-96BC-414F-A4B3-C7B5FB9D3E2D}.Debug|x64.ActiveCfg = Debug|x64
		{8181AD59-96BC-414F-A4B3-C7B5FB9D3E2D}.Debug|x64.Build.0 = Debug|x64
		{8181AD59-96BC-414F-A4B3-C7B5FB9D3E2D}.Debug|x86.ActiveCfg = Debug|Win32
		{8181AD59-96BC-414F-A4B3-C7B5FB9D3E2D}.Debug|x86.Build.0 = Debug|Win32
		{8181AD59-96BC-414F-A4B3-C7B5FB9D3E2D}.Release|x64.ActiveCfg = Release|x64
		{8181AD59-96BC-414F-A4B3-C7B5FB9D3E2D}.Release|x64.Build.0 = Release|x64
		{8181AD59-96BC-414F-A4B3-C7B5FB9D3E2D}.Release|x86.ActiveCfg = Release|Win32
		{8181AD59-96BC-414F-A4B3-C7B5FB9D3E2D}.Release|x86.Build.0 = Release|Win32
	EndGlobalSection
	GlobalSection(SolutionProperties) = preSolution
		HideSolutionNode = FALSE
	EndGlobalSection
	GlobalSection(ExtensibilityGlobals) = postSolution
		SolutionGuid = {67461BD8-FA80-4F76-A43B-8786CCBA54F3}
	EndGlobalSection
EndGlobal
